// !$*UTF8*$!
{
	archiveVersion = 1;
	classes = {
	};
	objectVersion = 48;
	objects = {

/* Begin PBXBuildFile section */
		01BE2FED1FCD3AFA00B938BC /* AppDelegate.swift in Sources */ = {isa = PBXBuildFile; fileRef = 01BE2FEC1FCD3AFA00B938BC /* AppDelegate.swift */; };
		01BE2FEF1FCD3AFA00B938BC /* ViewController.swift in Sources */ = {isa = PBXBuildFile; fileRef = 01BE2FEE1FCD3AFA00B938BC /* ViewController.swift */; };
		01BE2FF21FCD3AFA00B938BC /* Main.storyboard in Resources */ = {isa = PBXBuildFile; fileRef = 01BE2FF01FCD3AFA00B938BC /* Main.storyboard */; };
		01BE2FF41FCD3AFA00B938BC /* Assets.xcassets in Resources */ = {isa = PBXBuildFile; fileRef = 01BE2FF31FCD3AFA00B938BC /* Assets.xcassets */; };
		01BE2FF71FCD3AFA00B938BC /* LaunchScreen.storyboard in Resources */ = {isa = PBXBuildFile; fileRef = 01BE2FF51FCD3AFA00B938BC /* LaunchScreen.storyboard */; };
/* End PBXBuildFile section */

/* Begin PBXFileReference section */
		01BE2FE91FCD3AFA00B938BC /* GravityBall.app */ = {isa = PBXFileReference; explicitFileType = wrapper.application; includeInIndex = 0; path = GravityBall.app; sourceTree = BUILT_PRODUCTS_DIR; };
		01BE2FEC1FCD3AFA00B938BC /* AppDelegate.swift */ = {isa = PBXFileReference; lastKnownFileType = sourcecode.swift; path = AppDelegate.swift; sourceTree = "<group>"; };
		01BE2FEE1FCD3AFA00B938BC /* ViewController.swift */ = {isa = PBXFileReference; lastKnownFileType = sourcecode.swift; path = ViewController.swift; sourceTree = "<group>"; };
		01BE2FF11FCD3AFA00B938BC /* Base */ = {isa = PBXFileReference; lastKnownFileType = file.storyboard; name = Base; path = Base.lproj/Main.storyboard; sourceTree = "<group>"; };
		01BE2FF31FCD3AFA00B938BC /* Assets.xcassets */ = {isa = PBXFileReference; lastKnownFileType = folder.assetcatalog; path = Assets.xcassets; sourceTree = "<group>"; };
		01BE2FF61FCD3AFA00B938BC /* Base */ = {isa = PBXFileReference; lastKnownFileType = file.storyboard; name = Base; path = Base.lproj/LaunchScreen.storyboard; sourceTree = "<group>"; };
		01BE2FF81FCD3AFA00B938BC /* Info.plist */ = {isa = PBXFileReference; lastKnownFileType = text.plist.xml; path = Info.plist; sourceTree = "<group>"; };
/* End PBXFileReference section */

/* Begin PBXFrameworksBuildPhase section */
		01BE2FE61FCD3AFA00B938BC /* Frameworks */ = {
			isa = PBXFrameworksBuildPhase;
			buildActionMask = 2147483647;
			files = (
			);
			runOnlyForDeploymentPostprocessing = 0;
		};
/* End PBXFrameworksBuildPhase section */

/* Begin PBXGroup section */
		01BE2FE01FCD3AFA00B938BC = {
			isa = PBXGroup;
			children = (
				01BE2FEB1FCD3AFA00B938BC /* GravityBall */,
				01BE2FEA1FCD3AFA00B938BC /* Products */,
			);
			sourceTree = "<group>";
		};
		01BE2FEA1FCD3AFA00B938BC /* Products */ = {
			isa = PBXGroup;
			children = (
				01BE2FE91FCD3AFA00B938BC /* GravityBall.app */,
			);
			name = Products;
			sourceTree = "<group>";
		};
		01BE2FEB1FCD3AFA00B938BC /* GravityBall */ = {
			isa = PBXGroup;
			children = (
				01BE2FEC1FCD3AFA00B938BC /* AppDelegate.swift */,
				01BE2FEE1FCD3AFA00B938BC /* ViewController.swift */,
				01BE2FF01FCD3AFA00B938BC /* Main.storyboard */,
				01BE2FF31FCD3AFA00B938BC /* Assets.xcassets */,
				01BE2FF51FCD3AFA00B938BC /* LaunchScreen.storyboard */,
				01BE2FF81FCD3AFA00B938BC /* Info.plist */,
			);
			path = GravityBall;
			sourceTree = "<group>";
		};
/* End PBXGroup section */

/* Begin PBXNativeTarget section */
		01BE2FE81FCD3AFA00B938BC /* GravityBall */ = {
			isa = PBXNativeTarget;
			buildConfigurationList = 01BE2FFB1FCD3AFA00B938BC /* Build configuration list for PBXNativeTarget "GravityBall" */;
			buildPhases = (
				01BE2FE51FCD3AFA00B938BC /* Sources */,
				01BE2FE61FCD3AFA00B938BC /* Frameworks */,
				01BE2FE71FCD3AFA00B938BC /* Resources */,
			);
			buildRules = (
			);
			dependencies = (
			);
			name = GravityBall;
			productName = GravityBall;
			productReference = 01BE2FE91FCD3AFA00B938BC /* GravityBall.app */;
			productType = "com.apple.product-type.application";
		};
/* End PBXNativeTarget section */

/* Begin PBXProject section */
		01BE2FE11FCD3AFA00B938BC /* Project object */ = {
			isa = PBXProject;
			attributes = {
				LastSwiftUpdateCheck = 0900;
				LastUpgradeCheck = 0900;
				ORGANIZATIONNAME = "Nick Wang";
				TargetAttributes = {
					01BE2FE81FCD3AFA00B938BC = {
						CreatedOnToolsVersion = 9.0;
						ProvisioningStyle = Automatic;
					};
				};
			};
			buildConfigurationList = 01BE2FE41FCD3AFA00B938BC /* Build configuration list for PBXProject "GravityBall" */;
			compatibilityVersion = "Xcode 8.0";
			developmentRegion = en;
			hasScannedForEncodings = 0;
			knownRegions = (
				en,
				Base,
			);
			mainGroup = 01BE2FE01FCD3AFA00B938BC;
			productRefGroup = 01BE2FEA1FCD3AFA00B938BC /* Products */;
			projectDirPath = "";
			projectRoot = "";
			targets = (
				01BE2FE81FCD3AFA00B938BC /* GravityBall */,
			);
		};
/* End PBXProject section */

/* Begin PBXResourcesBuildPhase section */
		01BE2FE71FCD3AFA00B938BC /* Resources */ = {
			isa = PBXResourcesBuildPhase;
			buildActionMask = 2147483647;
			files = (
				01BE2FF71FCD3AFA00B938BC /* LaunchScreen.storyboard in Resources */,
				01BE2FF41FCD3AFA00B938BC /* Assets.xcassets in Resources */,
				01BE2FF21FCD3AFA00B938BC /* Main.storyboard in Resources */,
			);
			runOnlyForDeploymentPostprocessing = 0;
		};
/* End PBXResourcesBuildPhase section */

/* Begin PBXSourcesBuildPhase section */
		01BE2FE51FCD3AFA00B938BC /* Sources */ = {
			isa = PBXSourcesBuildPhase;
			buildActionMask = 2147483647;
			files = (
				01BE2FEF1FCD3AFA00B938BC /* ViewController.swift in Sources */,
				01BE2FED1FCD3AFA00B938BC /* AppDelegate.swift in Sources */,
			);
			runOnlyForDeploymentPostprocessing = 0;
		};
/* End PBXSourcesBuildPhase section */

/* Begin PBXVariantGroup section */
		01BE2FF01FCD3AFA00B938BC /* Main.storyboard */ = {
			isa = PBXVariantGroup;
			children = (
				01BE2FF11FCD3AFA00B938BC /* Base */,
			);
			name = Main.storyboard;
			sourceTree = "<group>";
		};
		01BE2FF51FCD3AFA00B938BC /* LaunchScreen.storyboard */ = {
			isa = PBXVariantGroup;
			children = (
				01BE2FF61FCD3AFA00B938BC /* Base */,
			);
			name = LaunchScreen.storyboard;
			sourceTree = "<group>";
		};
/* End PBXVariantGroup section */

/* Begin XCBuildConfiguration section */
		01BE2FF91FCD3AFA00B938BC /* Debug */ = {
			isa = XCBuildConfiguration;
			buildSettings = {
				ALWAYS_SEARCH_USER_PATHS = NO;
				CLANG_ANALYZER_NONNULL = YES;
				CLANG_ANALYZER_NUMBER_OBJECT_CONVERSION = YES_AGGRESSIVE;
				CLANG_CXX_LANGUAGE_STANDARD = "gnu++14";
				CLANG_CXX_LIBRARY = "libc++";
				CLANG_ENABLE_MODULES = YES;
				CLANG_ENABLE_OBJC_ARC = YES;
				CLANG_WARN_BLOCK_CAPTURE_AUTORELEASING = YES;
				CLANG_WARN_BOOL_CONVERSION = YES;
				CLANG_WARN_COMMA = YES;
				CLANG_WARN_CONSTANT_CONVERSION = YES;
				CLANG_WARN_DIRECT_OBJC_ISA_USAGE = YES_ERROR;
				CLANG_WARN_DOCUMENTATION_COMMENTS = YES;
				CLANG_WARN_EMPTY_BODY = YES;
				CLANG_WARN_ENUM_CONVERSION = YES;
				CLANG_WARN_INFINITE_RECURSION = YES;
				CLANG_WARN_INT_CONVERSION = YES;
				CLANG_WARN_NON_LITERAL_NULL_CONVERSION = YES;
				CLANG_WARN_OBJC_LITERAL_CONVERSION = YES;
				CLANG_WARN_OBJC_ROOT_CLASS = YES_ERROR;
				CLANG_WARN_RANGE_LOOP_ANALYSIS = YES;
				CLANG_WARN_STRICT_PROTOTYPES = YES;
				CLANG_WARN_SUSPICIOUS_MOVE = YES;
				CLANG_WARN_UNGUARDED_AVAILABILITY = YES_AGGRESSIVE;
				CLANG_WARN_UNREACHABLE_CODE = YES;
				CLANG_WARN__DUPLICATE_METHOD_MATCH = YES;
				CODE_SIGN_IDENTITY = "iPhone Developer";
				COPY_PHASE_STRIP = NO;
				DEBUG_INFORMATION_FORMAT = dwarf;
				ENABLE_STRICT_OBJC_MSGSEND = YES;
				ENABLE_TESTABILITY = YES;
				GCC_C_LANGUAGE_STANDARD = gnu11;
				GCC_DYNAMIC_NO_PIC = NO;
				GCC_NO_COMMON_BLOCKS = YES;
				GCC_OPTIMIZATION_LEVEL = 0;
				GCC_PREPROCESSOR_DEFINITIONS = (
					"DEBUG=1",
					"$(inherited)",
				);
				GCC_WARN_64_TO_32_BIT_CONVERSION = YES;
				GCC_WARN_ABOUT_RETURN_TYPE = YES_ERROR;
				GCC_WARN_UNDECLARED_SELECTOR = YES;
				GCC_WARN_UNINITIALIZED_AUTOS = YES_AGGRESSIVE;
				GCC_WARN_UNUSED_FUNCTION = YES;
				GCC_WARN_UNUSED_VARIABLE = YES;
				IPHONEOS_DEPLOYMENT_TARGET = 11.2;
				MTL_ENABLE_DEBUG_INFO = YES;
				ONLY_ACTIVE_ARCH = YES;
				SDKROOT = iphoneos;
				SWIFT_ACTIVE_COMPILATION_CONDITIONS = DEBUG;
				SWIFT_OPTIMIZATION_LEVEL = "-Onone";
			};
			name = Debug;
		};
		01BE2FFA1FCD3AFA00B938BC /* Release */ = {
			isa = XCBuildConfiguration;
			buildSettings = {
				ALWAYS_SEARCH_USER_PATHS = NO;
				CLANG_ANALYZER_NONNULL = YES;
				CLANG_ANALYZER_NUMBER_OBJECT_CONVERSION = YES_AGGRESSIVE;
				CLANG_CXX_LANGUAGE_STANDARD = "gnu++14";
				CLANG_CXX_LIBRARY = "libc++";
				CLANG_ENABLE_MODULES = YES;
				CLANG_ENABLE_OBJC_ARC = YES;
				CLANG_WARN_BLOCK_CAPTURE_AUTORELEASING = YES;
				CLANG_WARN_BOOL_CONVERSION = YES;
				CLANG_WARN_COMMA = YES;
				CLANG_WARN_CONSTANT_CONVERSION = YES;
				CLANG_WARN_DIRECT_OBJC_ISA_USAGE = YES_ERROR;
				CLANG_WARN_DOCUMENTATION_COMMENTS = YES;
				CLANG_WARN_EMPTY_BODY = YES;
				CLANG_WARN_ENUM_CONVERSION = YES;
				CLANG_WARN_INFINITE_RECURSION = YES;
				CLANG_WARN_INT_CONVERSION = YES;
				CLANG_WARN_NON_LITERAL_NULL_CONVERSION = YES;
				CLANG_WARN_OBJC_LITERAL_CONVERSION = YES;
				CLANG_WARN_OBJC_ROOT_CLASS = YES_ERROR;
				CLANG_WARN_RANGE_LOOP_ANALYSIS = YES;
				CLANG_WARN_STRICT_PROTOTYPES = YES;
				CLANG_WARN_SUSPICIOUS_MOVE = YES;
				CLANG_WARN_UNGUARDED_AVAILABILITY = YES_AGGRESSIVE;
				CLANG_WARN_UNREACHABLE_CODE = YES;
				CLANG_WARN__DUPLICATE_METHOD_MATCH = YES;
				CODE_SIGN_IDENTITY = "iPhone Developer";
				COPY_PHASE_STRIP = NO;
				DEBUG_INFORMATION_FORMAT = "dwarf-with-dsym";
				ENABLE_NS_ASSERTIONS = NO;
				ENABLE_STRICT_OBJC_MSGSEND = YES;
				GCC_C_LANGUAGE_STANDARD = gnu11;
				GCC_NO_COMMON_BLOCKS = YES;
				GCC_WARN_64_TO_32_BIT_CONVERSION = YES;
				GCC_WARN_ABOUT_RETURN_TYPE = YES_ERROR;
				GCC_WARN_UNDECLARED_SELECTOR = YES;
				GCC_WARN_UNINITIALIZED_AUTOS = YES_AGGRESSIVE;
				GCC_WARN_UNUSED_FUNCTION = YES;
				GCC_WARN_UNUSED_VARIABLE = YES;
				IPHONEOS_DEPLOYMENT_TARGET = 11.2;
				MTL_ENABLE_DEBUG_INFO = NO;
				SDKROOT = iphoneos;
				SWIFT_OPTIMIZATION_LEVEL = "-Owholemodule";
				VALIDATE_PRODUCT = YES;
			};
			name = Release;
		};
		01BE2FFC1FCD3AFA00B938BC /* Debug */ = {
			isa = XCBuildConfiguration;
			buildSettings = {
				ASSETCATALOG_COMPILER_APPICON_NAME = AppIcon;
				CODE_SIGN_STYLE = Automatic;
				DEVELOPMENT_TEAM = G68W254JJ7;
				INFOPLIST_FILE = GravityBall/Info.plist;
				IPHONEOS_DEPLOYMENT_TARGET = 10.2;
				LD_RUNPATH_SEARCH_PATHS = "$(inherited) @executable_path/Frameworks";
				PRODUCT_BUNDLE_IDENTIFIER = com.nick.GravityBall;
				PRODUCT_NAME = "$(TARGET_NAME)";
				SWIFT_VERSION = 4.0;
				TARGETED_DEVICE_FAMILY = "1,2";
			};
			name = Debug;
		};
		01BE2FFD1FCD3AFA00B938BC /* Release */ = {
			isa = XCBuildConfiguration;
			buildSettings = {
				ASSETCATALOG_COMPILER_APPICON_NAME = AppIcon;
				CODE_SIGN_STYLE = Automatic;
				DEVELOPMENT_TEAM = G68W254JJ7;
				INFOPLIST_FILE = GravityBall/Info.plist;
				IPHONEOS_DEPLOYMENT_TARGET = 10.2;
				LD_RUNPATH_SEARCH_PATHS = "$(inherited) @executable_path/Frameworks";
				PRODUCT_BUNDLE_IDENTIFIER = com.nick.GravityBall;
				PRODUCT_NAME = "$(TARGET_NAME)";
				SWIFT_VERSION = 4.0;
				TARGETED_DEVICE_FAMILY = "1,2";
			};
			name = Release;
		};
/* End XCBuildConfiguration section */

/* Begin XCConfigurationList section */
		01BE2FE41FCD3AFA00B938BC /* Build configuration list for PBXProject "GravityBall" */ = {
			isa = XCConfigurationList;
			buildConfigurations = (
				01BE2FF91FCD3AFA00B938BC /* Debug */,
				01BE2FFA1FCD3AFA00B938BC /* Release */,
			);
			defaultConfigurationIsVisible = 0;
			defaultConfigurationName = Release;
		};
		01BE2FFB1FCD3AFA00B938BC /* Build configuration list for PBXNativeTarget "GravityBall" */ = {
			isa = XCConfigurationList;
			buildConfigurations = (
				01BE2FFC1FCD3AFA00B938BC /* Debug */,
				01BE2FFD1FCD3AFA00B938BC /* Release */,
			);
			defaultConfigurationIsVisible = 0;
			defaultConfigurationName = Release;
		};
/* End XCConfigurationList section */
	};
	rootObject = 01BE2FE11FCD3AFA00B938BC /* Project object */;
}
