// !$*UTF8*$!
{
	archiveVersion = 1;
	classes = {
	};
	objectVersion = 48;
	objects = {

/* Begin PBXBuildFile section */
		01BE2FAB1FC7B8D800B938BC /* AppDelegate.swift in Sources */ = {isa = PBXBuildFile; fileRef = 01BE2FAA1FC7B8D800B938BC /* AppDelegate.swift */; };
		01BE2FAD1FC7B8D800B938BC /* ViewController.swift in Sources */ = {isa = PBXBuildFile; fileRef = 01BE2FAC1FC7B8D800B938BC /* ViewController.swift */; };
		01BE2FB01FC7B8D800B938BC /* Main.storyboard in Resources */ = {isa = PBXBuildFile; fileRef = 01BE2FAE1FC7B8D800B938BC /* Main.storyboard */; };
		01BE2FB21FC7B8D800B938BC /* Assets.xcassets in Resources */ = {isa = PBXBuildFile; fileRef = 01BE2FB11FC7B8D800B938BC /* Assets.xcassets */; };
		01BE2FB51FC7B8D800B938BC /* LaunchScreen.storyboard in Resources */ = {isa = PBXBuildFile; fileRef = 01BE2FB31FC7B8D800B938BC /* LaunchScreen.storyboard */; };
/* End PBXBuildFile section */

/* Begin PBXFileReference section */
		01BE2FA71FC7B8D800B938BC /* RollerCoaster.app */ = {isa = PBXFileReference; explicitFileType = wrapper.application; includeInIndex = 0; path = RollerCoaster.app; sourceTree = BUILT_PRODUCTS_DIR; };
		01BE2FAA1FC7B8D800B938BC /* AppDelegate.swift */ = {isa = PBXFileReference; lastKnownFileType = sourcecode.swift; path = AppDelegate.swift; sourceTree = "<group>"; };
		01BE2FAC1FC7B8D800B938BC /* ViewController.swift */ = {isa = PBXFileReference; lastKnownFileType = sourcecode.swift; path = ViewController.swift; sourceTree = "<group>"; };
		01BE2FAF1FC7B8D800B938BC /* Base */ = {isa = PBXFileReference; lastKnownFileType = file.storyboard; name = Base; path = Base.lproj/Main.storyboard; sourceTree = "<group>"; };
		01BE2FB11FC7B8D800B938BC /* Assets.xcassets */ = {isa = PBXFileReference; lastKnownFileType = folder.assetcatalog; path = Assets.xcassets; sourceTree = "<group>"; };
		01BE2FB41FC7B8D800B938BC /* Base */ = {isa = PBXFileReference; lastKnownFileType = file.storyboard; name = Base; path = Base.lproj/LaunchScreen.storyboard; sourceTree = "<group>"; };
		01BE2FB61FC7B8D800B938BC /* Info.plist */ = {isa = PBXFileReference; lastKnownFileType = text.plist.xml; path = Info.plist; sourceTree = "<group>"; };
/* End PBXFileReference section */

/* Begin PBXFrameworksBuildPhase section */
		01BE2FA41FC7B8D800B938BC /* Frameworks */ = {
			isa = PBXFrameworksBuildPhase;
			buildActionMask = 2147483647;
			files = (
			);
			runOnlyForDeploymentPostprocessing = 0;
		};
/* End PBXFrameworksBuildPhase section */

/* Begin PBXGroup section */
		01BE2F9E1FC7B8D800B938BC = {
			isa = PBXGroup;
			children = (
				01BE2FA91FC7B8D800B938BC /* RollerCoaster */,
				01BE2FA81FC7B8D800B938BC /* Products */,
			);
			sourceTree = "<group>";
		};
		01BE2FA81FC7B8D800B938BC /* Products */ = {
			isa = PBXGroup;
			children = (
				01BE2FA71FC7B8D800B938BC /* RollerCoaster.app */,
			);
			name = Products;
			sourceTree = "<group>";
		};
		01BE2FA91FC7B8D800B938BC /* RollerCoaster */ = {
			isa = PBXGroup;
			children = (
				01BE2FAA1FC7B8D800B938BC /* AppDelegate.swift */,
				01BE2FAC1FC7B8D800B938BC /* ViewController.swift */,
				01BE2FAE1FC7B8D800B938BC /* Main.storyboard */,
				01BE2FB11FC7B8D800B938BC /* Assets.xcassets */,
				01BE2FB31FC7B8D800B938BC /* LaunchScreen.storyboard */,
				01BE2FB61FC7B8D800B938BC /* Info.plist */,
			);
			path = RollerCoaster;
			sourceTree = "<group>";
		};
/* End PBXGroup section */

/* Begin PBXNativeTarget section */
		01BE2FA61FC7B8D800B938BC /* RollerCoaster */ = {
			isa = PBXNativeTarget;
			buildConfigurationList = 01BE2FB91FC7B8D800B938BC /* Build configuration list for PBXNativeTarget "RollerCoaster" */;
			buildPhases = (
				01BE2FA31FC7B8D800B938BC /* Sources */,
				01BE2FA41FC7B8D800B938BC /* Frameworks */,
				01BE2FA51FC7B8D800B938BC /* Resources */,
			);
			buildRules = (
			);
			dependencies = (
			);
			name = RollerCoaster;
			productName = RollerCoaster;
			productReference = 01BE2FA71FC7B8D800B938BC /* RollerCoaster.app */;
			productType = "com.apple.product-type.application";
		};
/* End PBXNativeTarget section */

/* Begin PBXProject section */
		01BE2F9F1FC7B8D800B938BC /* Project object */ = {
			isa = PBXProject;
			attributes = {
				LastSwiftUpdateCheck = 0900;
				LastUpgradeCheck = 0900;
				ORGANIZATIONNAME = "Nick Wang";
				TargetAttributes = {
					01BE2FA61FC7B8D800B938BC = {
						CreatedOnToolsVersion = 9.0;
						ProvisioningStyle = Automatic;
					};
				};
			};
			buildConfigurationList = 01BE2FA21FC7B8D800B938BC /* Build configuration list for PBXProject "RollerCoaster" */;
			compatibilityVersion = "Xcode 8.0";
			developmentRegion = en;
			hasScannedForEncodings = 0;
			knownRegions = (
				en,
				Base,
			);
			mainGroup = 01BE2F9E1FC7B8D800B938BC;
			productRefGroup = 01BE2FA81FC7B8D800B938BC /* Products */;
			projectDirPath = "";
			projectRoot = "";
			targets = (
				01BE2FA61FC7B8D800B938BC /* RollerCoaster */,
			);
		};
/* End PBXProject section */

/* Begin PBXResourcesBuildPhase section */
		01BE2FA51FC7B8D800B938BC /* Resources */ = {
			isa = PBXResourcesBuildPhase;
			buildActionMask = 2147483647;
			files = (
				01BE2FB51FC7B8D800B938BC /* LaunchScreen.storyboard in Resources */,
				01BE2FB21FC7B8D800B938BC /* Assets.xcassets in Resources */,
				01BE2FB01FC7B8D800B938BC /* Main.storyboard in Resources */,
			);
			runOnlyForDeploymentPostprocessing = 0;
		};
/* End PBXResourcesBuildPhase section */

/* Begin PBXSourcesBuildPhase section */
		01BE2FA31FC7B8D800B938BC /* Sources */ = {
			isa = PBXSourcesBuildPhase;
			buildActionMask = 2147483647;
			files = (
				01BE2FAD1FC7B8D800B938BC /* ViewController.swift in Sources */,
				01BE2FAB1FC7B8D800B938BC /* AppDelegate.swift in Sources */,
			);
			runOnlyForDeploymentPostprocessing = 0;
		};
/* End PBXSourcesBuildPhase section */

/* Begin PBXVariantGroup section */
		01BE2FAE1FC7B8D800B938BC /* Main.storyboard */ = {
			isa = PBXVariantGroup;
			children = (
				01BE2FAF1FC7B8D800B938BC /* Base */,
			);
			name = Main.storyboard;
			sourceTree = "<group>";
		};
		01BE2FB31FC7B8D800B938BC /* LaunchScreen.storyboard */ = {
			isa = PBXVariantGroup;
			children = (
				01BE2FB41FC7B8D800B938BC /* Base */,
			);
			name = LaunchScreen.storyboard;
			sourceTree = "<group>";
		};
/* End PBXVariantGroup section */

/* Begin XCBuildConfiguration section */
		01BE2FB71FC7B8D800B938BC /* Debug */ = {
			isa = XCBuildConfiguration;
			buildSettings = {
				ALWAYS_SEARCH_USER_PATHS = NO;
				CLANG_ANALYZER_NONNULL = YES;
				CLANG_ANALYZER_NUMBER_OBJECT_CONVERSION = YES_AGGRESSIVE;
				CLANG_CXX_LANGUAGE_STANDARD = "gnu++14";
				CLANG_CXX_LIBRARY = "libc++";
				CLANG_ENABLE_MODULES = YES;
				CLANG_ENABLE_OBJC_ARC = YES;
				CLANG_WARN_BLOCK_CAPTURE_AUTORELEASING = YES;
				CLANG_WARN_BOOL_CONVERSION = YES;
				CLANG_WARN_COMMA = YES;
				CLANG_WARN_CONSTANT_CONVERSION = YES;
				CLANG_WARN_DIRECT_OBJC_ISA_USAGE = YES_ERROR;
				CLANG_WARN_DOCUMENTATION_COMMENTS = YES;
				CLANG_WARN_EMPTY_BODY = YES;
				CLANG_WARN_ENUM_CONVERSION = YES;
				CLANG_WARN_INFINITE_RECURSION = YES;
				CLANG_WARN_INT_CONVERSION = YES;
				CLANG_WARN_NON_LITERAL_NULL_CONVERSION = YES;
				CLANG_WARN_OBJC_LITERAL_CONVERSION = YES;
				CLANG_WARN_OBJC_ROOT_CLASS = YES_ERROR;
				CLANG_WARN_RANGE_LOOP_ANALYSIS = YES;
				CLANG_WARN_STRICT_PROTOTYPES = YES;
				CLANG_WARN_SUSPICIOUS_MOVE = YES;
				CLANG_WARN_UNGUARDED_AVAILABILITY = YES_AGGRESSIVE;
				CLANG_WARN_UNREACHABLE_CODE = YES;
				CLANG_WARN__DUPLICATE_METHOD_MATCH = YES;
				CODE_SIGN_IDENTITY = "iPhone Developer";
				COPY_PHASE_STRIP = NO;
				DEBUG_INFORMATION_FORMAT = dwarf;
				ENABLE_STRICT_OBJC_MSGSEND = YES;
				ENABLE_TESTABILITY = YES;
				GCC_C_LANGUAGE_STANDARD = gnu11;
				GCC_DYNAMIC_NO_PIC = NO;
				GCC_NO_COMMON_BLOCKS = YES;
				GCC_OPTIMIZATION_LEVEL = 0;
				GCC_PREPROCESSOR_DEFINITIONS = (
					"DEBUG=1",
					"$(inherited)",
				);
				GCC_WARN_64_TO_32_BIT_CONVERSION = YES;
				GCC_WARN_ABOUT_RETURN_TYPE = YES_ERROR;
				GCC_WARN_UNDECLARED_SELECTOR = YES;
				GCC_WARN_UNINITIALIZED_AUTOS = YES_AGGRESSIVE;
				GCC_WARN_UNUSED_FUNCTION = YES;
				GCC_WARN_UNUSED_VARIABLE = YES;
				IPHONEOS_DEPLOYMENT_TARGET = 11.2;
				MTL_ENABLE_DEBUG_INFO = YES;
				ONLY_ACTIVE_ARCH = YES;
				SDKROOT = iphoneos;
				SWIFT_ACTIVE_COMPILATION_CONDITIONS = DEBUG;
				SWIFT_OPTIMIZATION_LEVEL = "-Onone";
			};
			name = Debug;
		};
		01BE2FB81FC7B8D800B938BC /* Release */ = {
			isa = XCBuildConfiguration;
			buildSettings = {
				ALWAYS_SEARCH_USER_PATHS = NO;
				CLANG_ANALYZER_NONNULL = YES;
				CLANG_ANALYZER_NUMBER_OBJECT_CONVERSION = YES_AGGRESSIVE;
				CLANG_CXX_LANGUAGE_STANDARD = "gnu++14";
				CLANG_CXX_LIBRARY = "libc++";
				CLANG_ENABLE_MODULES = YES;
				CLANG_ENABLE_OBJC_ARC = YES;
				CLANG_WARN_BLOCK_CAPTURE_AUTORELEASING = YES;
				CLANG_WARN_BOOL_CONVERSION = YES;
				CLANG_WARN_COMMA = YES;
				CLANG_WARN_CONSTANT_CONVERSION = YES;
				CLANG_WARN_DIRECT_OBJC_ISA_USAGE = YES_ERROR;
				CLANG_WARN_DOCUMENTATION_COMMENTS = YES;
				CLANG_WARN_EMPTY_BODY = YES;
				CLANG_WARN_ENUM_CONVERSION = YES;
				CLANG_WARN_INFINITE_RECURSION = YES;
				CLANG_WARN_INT_CONVERSION = YES;
				CLANG_WARN_NON_LITERAL_NULL_CONVERSION = YES;
				CLANG_WARN_OBJC_LITERAL_CONVERSION = YES;
				CLANG_WARN_OBJC_ROOT_CLASS = YES_ERROR;
				CLANG_WARN_RANGE_LOOP_ANALYSIS = YES;
				CLANG_WARN_STRICT_PROTOTYPES = YES;
				CLANG_WARN_SUSPICIOUS_MOVE = YES;
				CLANG_WARN_UNGUARDED_AVAILABILITY = YES_AGGRESSIVE;
				CLANG_WARN_UNREACHABLE_CODE = YES;
				CLANG_WARN__DUPLICATE_METHOD_MATCH = YES;
				CODE_SIGN_IDENTITY = "iPhone Developer";
				COPY_PHASE_STRIP = NO;
				DEBUG_INFORMATION_FORMAT = "dwarf-with-dsym";
				ENABLE_NS_ASSERTIONS = NO;
				ENABLE_STRICT_OBJC_MSGSEND = YES;
				GCC_C_LANGUAGE_STANDARD = gnu11;
				GCC_NO_COMMON_BLOCKS = YES;
				GCC_WARN_64_TO_32_BIT_CONVERSION = YES;
				GCC_WARN_ABOUT_RETURN_TYPE = YES_ERROR;
				GCC_WARN_UNDECLARED_SELECTOR = YES;
				GCC_WARN_UNINITIALIZED_AUTOS = YES_AGGRESSIVE;
				GCC_WARN_UNUSED_FUNCTION = YES;
				GCC_WARN_UNUSED_VARIABLE = YES;
				IPHONEOS_DEPLOYMENT_TARGET = 11.2;
				MTL_ENABLE_DEBUG_INFO = NO;
				SDKROOT = iphoneos;
				SWIFT_OPTIMIZATION_LEVEL = "-Owholemodule";
				VALIDATE_PRODUCT = YES;
			};
			name = Release;
		};
		01BE2FBA1FC7B8D800B938BC /* Debug */ = {
			isa = XCBuildConfiguration;
			buildSettings = {
				ASSETCATALOG_COMPILER_APPICON_NAME = AppIcon;
				CODE_SIGN_STYLE = Automatic;
				INFOPLIST_FILE = RollerCoaster/Info.plist;
				IPHONEOS_DEPLOYMENT_TARGET = 10.2;
				LD_RUNPATH_SEARCH_PATHS = "$(inherited) @executable_path/Frameworks";
				PRODUCT_BUNDLE_IDENTIFIER = com.nick.RollerCoaster;
				PRODUCT_NAME = "$(TARGET_NAME)";
				SWIFT_VERSION = 4.0;
				TARGETED_DEVICE_FAMILY = "1,2";
			};
			name = Debug;
		};
		01BE2FBB1FC7B8D800B938BC /* Release */ = {
			isa = XCBuildConfiguration;
			buildSettings = {
				ASSETCATALOG_COMPILER_APPICON_NAME = AppIcon;
				CODE_SIGN_STYLE = Automatic;
				INFOPLIST_FILE = RollerCoaster/Info.plist;
				IPHONEOS_DEPLOYMENT_TARGET = 10.2;
				LD_RUNPATH_SEARCH_PATHS = "$(inherited) @executable_path/Frameworks";
				PRODUCT_BUNDLE_IDENTIFIER = com.nick.RollerCoaster;
				PRODUCT_NAME = "$(TARGET_NAME)";
				SWIFT_VERSION = 4.0;
				TARGETED_DEVICE_FAMILY = "1,2";
			};
			name = Release;
		};
/* End XCBuildConfiguration section */

/* Begin XCConfigurationList section */
		01BE2FA21FC7B8D800B938BC /* Build configuration list for PBXProject "RollerCoaster" */ = {
			isa = XCConfigurationList;
			buildConfigurations = (
				01BE2FB71FC7B8D800B938BC /* Debug */,
				01BE2FB81FC7B8D800B938BC /* Release */,
			);
			defaultConfigurationIsVisible = 0;
			defaultConfigurationName = Release;
		};
		01BE2FB91FC7B8D800B938BC /* Build configuration list for PBXNativeTarget "RollerCoaster" */ = {
			isa = XCConfigurationList;
			buildConfigurations = (
				01BE2FBA1FC7B8D800B938BC /* Debug */,
				01BE2FBB1FC7B8D800B938BC /* Release */,
			);
			defaultConfigurationIsVisible = 0;
			defaultConfigurationName = Release;
		};
/* End XCConfigurationList section */
	};
	rootObject = 01BE2F9F1FC7B8D800B938BC /* Project object */;
}
