// !$*UTF8*$!
{
	archiveVersion = 1;
	classes = {
	};
	objectVersion = 48;
	objects = {

/* Begin PBXBuildFile section */
		011AB80E1FAEE15400B7AFB3 /* AppDelegate.swift in Sources */ = {isa = PBXBuildFile; fileRef = 011AB80D1FAEE15400B7AFB3 /* AppDelegate.swift */; };
		011AB8101FAEE15400B7AFB3 /* ViewController.swift in Sources */ = {isa = PBXBuildFile; fileRef = 011AB80F1FAEE15400B7AFB3 /* ViewController.swift */; };
		011AB8131FAEE15400B7AFB3 /* Main.storyboard in Resources */ = {isa = PBXBuildFile; fileRef = 011AB8111FAEE15400B7AFB3 /* Main.storyboard */; };
		011AB8151FAEE15400B7AFB3 /* Assets.xcassets in Resources */ = {isa = PBXBuildFile; fileRef = 011AB8141FAEE15400B7AFB3 /* Assets.xcassets */; };
		011AB8181FAEE15400B7AFB3 /* LaunchScreen.storyboard in Resources */ = {isa = PBXBuildFile; fileRef = 011AB8161FAEE15400B7AFB3 /* LaunchScreen.storyboard */; };
		01C140521FAEE64C003136C0 /* NKCollectionViewCell.swift in Sources */ = {isa = PBXBuildFile; fileRef = 01C140511FAEE64C003136C0 /* NKCollectionViewCell.swift */; };
		01C140541FAEEAD3003136C0 /* NKDetailVC.swift in Sources */ = {isa = PBXBuildFile; fileRef = 01C140531FAEEAD3003136C0 /* NKDetailVC.swift */; };
		01C140561FAEF3F6003136C0 /* NKMoveTransition.swift in Sources */ = {isa = PBXBuildFile; fileRef = 01C140551FAEF3F6003136C0 /* NKMoveTransition.swift */; };
		01C140581FAEF4C6003136C0 /* NKPopTransition.swift in Sources */ = {isa = PBXBuildFile; fileRef = 01C140571FAEF4C6003136C0 /* NKPopTransition.swift */; };
/* End PBXBuildFile section */

/* Begin PBXFileReference section */
		011AB80A1FAEE15400B7AFB3 /* Project05-Transition.app */ = {isa = PBXFileReference; explicitFileType = wrapper.application; includeInIndex = 0; path = "Project05-Transition.app"; sourceTree = BUILT_PRODUCTS_DIR; };
		011AB80D1FAEE15400B7AFB3 /* AppDelegate.swift */ = {isa = PBXFileReference; lastKnownFileType = sourcecode.swift; path = AppDelegate.swift; sourceTree = "<group>"; };
		011AB80F1FAEE15400B7AFB3 /* ViewController.swift */ = {isa = PBXFileReference; lastKnownFileType = sourcecode.swift; path = ViewController.swift; sourceTree = "<group>"; };
		011AB8121FAEE15400B7AFB3 /* Base */ = {isa = PBXFileReference; lastKnownFileType = file.storyboard; name = Base; path = Base.lproj/Main.storyboard; sourceTree = "<group>"; };
		011AB8141FAEE15400B7AFB3 /* Assets.xcassets */ = {isa = PBXFileReference; lastKnownFileType = folder.assetcatalog; path = Assets.xcassets; sourceTree = "<group>"; };
		011AB8171FAEE15400B7AFB3 /* Base */ = {isa = PBXFileReference; lastKnownFileType = file.storyboard; name = Base; path = Base.lproj/LaunchScreen.storyboard; sourceTree = "<group>"; };
		011AB8191FAEE15400B7AFB3 /* Info.plist */ = {isa = PBXFileReference; lastKnownFileType = text.plist.xml; path = Info.plist; sourceTree = "<group>"; };
		01C140511FAEE64C003136C0 /* NKCollectionViewCell.swift */ = {isa = PBXFileReference; lastKnownFileType = sourcecode.swift; path = NKCollectionViewCell.swift; sourceTree = "<group>"; };
		01C140531FAEEAD3003136C0 /* NKDetailVC.swift */ = {isa = PBXFileReference; lastKnownFileType = sourcecode.swift; path = NKDetailVC.swift; sourceTree = "<group>"; };
		01C140551FAEF3F6003136C0 /* NKMoveTransition.swift */ = {isa = PBXFileReference; lastKnownFileType = sourcecode.swift; path = NKMoveTransition.swift; sourceTree = "<group>"; };
		01C140571FAEF4C6003136C0 /* NKPopTransition.swift */ = {isa = PBXFileReference; lastKnownFileType = sourcecode.swift; path = NKPopTransition.swift; sourceTree = "<group>"; };
/* End PBXFileReference section */

/* Begin PBXFrameworksBuildPhase section */
		011AB8071FAEE15400B7AFB3 /* Frameworks */ = {
			isa = PBXFrameworksBuildPhase;
			buildActionMask = 2147483647;
			files = (
			);
			runOnlyForDeploymentPostprocessing = 0;
		};
/* End PBXFrameworksBuildPhase section */

/* Begin PBXGroup section */
		011AB8011FAEE15400B7AFB3 = {
			isa = PBXGroup;
			children = (
				011AB80C1FAEE15400B7AFB3 /* Project05-Transition */,
				011AB80B1FAEE15400B7AFB3 /* Products */,
			);
			sourceTree = "<group>";
		};
		011AB80B1FAEE15400B7AFB3 /* Products */ = {
			isa = PBXGroup;
			children = (
				011AB80A1FAEE15400B7AFB3 /* Project05-Transition.app */,
			);
			name = Products;
			sourceTree = "<group>";
		};
		011AB80C1FAEE15400B7AFB3 /* Project05-Transition */ = {
			isa = PBXGroup;
			children = (
				011AB80D1FAEE15400B7AFB3 /* AppDelegate.swift */,
				011AB80F1FAEE15400B7AFB3 /* ViewController.swift */,
				01C140511FAEE64C003136C0 /* NKCollectionViewCell.swift */,
				01C140531FAEEAD3003136C0 /* NKDetailVC.swift */,
				01C140551FAEF3F6003136C0 /* NKMoveTransition.swift */,
				01C140571FAEF4C6003136C0 /* NKPopTransition.swift */,
				011AB8111FAEE15400B7AFB3 /* Main.storyboard */,
				011AB8141FAEE15400B7AFB3 /* Assets.xcassets */,
				011AB8161FAEE15400B7AFB3 /* LaunchScreen.storyboard */,
				011AB8191FAEE15400B7AFB3 /* Info.plist */,
			);
			path = "Project05-Transition";
			sourceTree = "<group>";
		};
/* End PBXGroup section */

/* Begin PBXNativeTarget section */
		011AB8091FAEE15400B7AFB3 /* Project05-Transition */ = {
			isa = PBXNativeTarget;
			buildConfigurationList = 011AB81C1FAEE15400B7AFB3 /* Build configuration list for PBXNativeTarget "Project05-Transition" */;
			buildPhases = (
				011AB8061FAEE15400B7AFB3 /* Sources */,
				011AB8071FAEE15400B7AFB3 /* Frameworks */,
				011AB8081FAEE15400B7AFB3 /* Resources */,
			);
			buildRules = (
			);
			dependencies = (
			);
			name = "Project05-Transition";
			productName = "Project05-Transition";
			productReference = 011AB80A1FAEE15400B7AFB3 /* Project05-Transition.app */;
			productType = "com.apple.product-type.application";
		};
/* End PBXNativeTarget section */

/* Begin PBXProject section */
		011AB8021FAEE15400B7AFB3 /* Project object */ = {
			isa = PBXProject;
			attributes = {
				LastSwiftUpdateCheck = 0900;
				LastUpgradeCheck = 0900;
				ORGANIZATIONNAME = "Nick Wang";
				TargetAttributes = {
					011AB8091FAEE15400B7AFB3 = {
						CreatedOnToolsVersion = 9.0;
						ProvisioningStyle = Automatic;
					};
				};
			};
			buildConfigurationList = 011AB8051FAEE15400B7AFB3 /* Build configuration list for PBXProject "Project05-Transition" */;
			compatibilityVersion = "Xcode 8.0";
			developmentRegion = en;
			hasScannedForEncodings = 0;
			knownRegions = (
				en,
				Base,
			);
			mainGroup = 011AB8011FAEE15400B7AFB3;
			productRefGroup = 011AB80B1FAEE15400B7AFB3 /* Products */;
			projectDirPath = "";
			projectRoot = "";
			targets = (
				011AB8091FAEE15400B7AFB3 /* Project05-Transition */,
			);
		};
/* End PBXProject section */

/* Begin PBXResourcesBuildPhase section */
		011AB8081FAEE15400B7AFB3 /* Resources */ = {
			isa = PBXResourcesBuildPhase;
			buildActionMask = 2147483647;
			files = (
				011AB8181FAEE15400B7AFB3 /* LaunchScreen.storyboard in Resources */,
				011AB8151FAEE15400B7AFB3 /* Assets.xcassets in Resources */,
				011AB8131FAEE15400B7AFB3 /* Main.storyboard in Resources */,
			);
			runOnlyForDeploymentPostprocessing = 0;
		};
/* End PBXResourcesBuildPhase section */

/* Begin PBXSourcesBuildPhase section */
		011AB8061FAEE15400B7AFB3 /* Sources */ = {
			isa = PBXSourcesBuildPhase;
			buildActionMask = 2147483647;
			files = (
				01C140541FAEEAD3003136C0 /* NKDetailVC.swift in Sources */,
				011AB8101FAEE15400B7AFB3 /* ViewController.swift in Sources */,
				011AB80E1FAEE15400B7AFB3 /* AppDelegate.swift in Sources */,
				01C140561FAEF3F6003136C0 /* NKMoveTransition.swift in Sources */,
				01C140521FAEE64C003136C0 /* NKCollectionViewCell.swift in Sources */,
				01C140581FAEF4C6003136C0 /* NKPopTransition.swift in Sources */,
			);
			runOnlyForDeploymentPostprocessing = 0;
		};
/* End PBXSourcesBuildPhase section */

/* Begin PBXVariantGroup section */
		011AB8111FAEE15400B7AFB3 /* Main.storyboard */ = {
			isa = PBXVariantGroup;
			children = (
				011AB8121FAEE15400B7AFB3 /* Base */,
			);
			name = Main.storyboard;
			sourceTree = "<group>";
		};
		011AB8161FAEE15400B7AFB3 /* LaunchScreen.storyboard */ = {
			isa = PBXVariantGroup;
			children = (
				011AB8171FAEE15400B7AFB3 /* Base */,
			);
			name = LaunchScreen.storyboard;
			sourceTree = "<group>";
		};
/* End PBXVariantGroup section */

/* Begin XCBuildConfiguration section */
		011AB81A1FAEE15400B7AFB3 /* Debug */ = {
			isa = XCBuildConfiguration;
			buildSettings = {
				ALWAYS_SEARCH_USER_PATHS = NO;
				CLANG_ANALYZER_NONNULL = YES;
				CLANG_ANALYZER_NUMBER_OBJECT_CONVERSION = YES_AGGRESSIVE;
				CLANG_CXX_LANGUAGE_STANDARD = "gnu++14";
				CLANG_CXX_LIBRARY = "libc++";
				CLANG_ENABLE_MODULES = YES;
				CLANG_ENABLE_OBJC_ARC = YES;
				CLANG_WARN_BLOCK_CAPTURE_AUTORELEASING = YES;
				CLANG_WARN_BOOL_CONVERSION = YES;
				CLANG_WARN_COMMA = YES;
				CLANG_WARN_CONSTANT_CONVERSION = YES;
				CLANG_WARN_DIRECT_OBJC_ISA_USAGE = YES_ERROR;
				CLANG_WARN_DOCUMENTATION_COMMENTS = YES;
				CLANG_WARN_EMPTY_BODY = YES;
				CLANG_WARN_ENUM_CONVERSION = YES;
				CLANG_WARN_INFINITE_RECURSION = YES;
				CLANG_WARN_INT_CONVERSION = YES;
				CLANG_WARN_NON_LITERAL_NULL_CONVERSION = YES;
				CLANG_WARN_OBJC_LITERAL_CONVERSION = YES;
				CLANG_WARN_OBJC_ROOT_CLASS = YES_ERROR;
				CLANG_WARN_RANGE_LOOP_ANALYSIS = YES;
				CLANG_WARN_STRICT_PROTOTYPES = YES;
				CLANG_WARN_SUSPICIOUS_MOVE = YES;
				CLANG_WARN_UNGUARDED_AVAILABILITY = YES_AGGRESSIVE;
				CLANG_WARN_UNREACHABLE_CODE = YES;
				CLANG_WARN__DUPLICATE_METHOD_MATCH = YES;
				CODE_SIGN_IDENTITY = "iPhone Developer";
				COPY_PHASE_STRIP = NO;
				DEBUG_INFORMATION_FORMAT = dwarf;
				ENABLE_STRICT_OBJC_MSGSEND = YES;
				ENABLE_TESTABILITY = YES;
				GCC_C_LANGUAGE_STANDARD = gnu11;
				GCC_DYNAMIC_NO_PIC = NO;
				GCC_NO_COMMON_BLOCKS = YES;
				GCC_OPTIMIZATION_LEVEL = 0;
				GCC_PREPROCESSOR_DEFINITIONS = (
					"DEBUG=1",
					"$(inherited)",
				);
				GCC_WARN_64_TO_32_BIT_CONVERSION = YES;
				GCC_WARN_ABOUT_RETURN_TYPE = YES_ERROR;
				GCC_WARN_UNDECLARED_SELECTOR = YES;
				GCC_WARN_UNINITIALIZED_AUTOS = YES_AGGRESSIVE;
				GCC_WARN_UNUSED_FUNCTION = YES;
				GCC_WARN_UNUSED_VARIABLE = YES;
				IPHONEOS_DEPLOYMENT_TARGET = 11.0;
				MTL_ENABLE_DEBUG_INFO = YES;
				ONLY_ACTIVE_ARCH = YES;
				SDKROOT = iphoneos;
				SWIFT_ACTIVE_COMPILATION_CONDITIONS = DEBUG;
				SWIFT_OPTIMIZATION_LEVEL = "-Onone";
			};
			name = Debug;
		};
		011AB81B1FAEE15400B7AFB3 /* Release */ = {
			isa = XCBuildConfiguration;
			buildSettings = {
				ALWAYS_SEARCH_USER_PATHS = NO;
				CLANG_ANALYZER_NONNULL = YES;
				CLANG_ANALYZER_NUMBER_OBJECT_CONVERSION = YES_AGGRESSIVE;
				CLANG_CXX_LANGUAGE_STANDARD = "gnu++14";
				CLANG_CXX_LIBRARY = "libc++";
				CLANG_ENABLE_MODULES = YES;
				CLANG_ENABLE_OBJC_ARC = YES;
				CLANG_WARN_BLOCK_CAPTURE_AUTORELEASING = YES;
				CLANG_WARN_BOOL_CONVERSION = YES;
				CLANG_WARN_COMMA = YES;
				CLANG_WARN_CONSTANT_CONVERSION = YES;
				CLANG_WARN_DIRECT_OBJC_ISA_USAGE = YES_ERROR;
				CLANG_WARN_DOCUMENTATION_COMMENTS = YES;
				CLANG_WARN_EMPTY_BODY = YES;
				CLANG_WARN_ENUM_CONVERSION = YES;
				CLANG_WARN_INFINITE_RECURSION = YES;
				CLANG_WARN_INT_CONVERSION = YES;
				CLANG_WARN_NON_LITERAL_NULL_CONVERSION = YES;
				CLANG_WARN_OBJC_LITERAL_CONVERSION = YES;
				CLANG_WARN_OBJC_ROOT_CLASS = YES_ERROR;
				CLANG_WARN_RANGE_LOOP_ANALYSIS = YES;
				CLANG_WARN_STRICT_PROTOTYPES = YES;
				CLANG_WARN_SUSPICIOUS_MOVE = YES;
				CLANG_WARN_UNGUARDED_AVAILABILITY = YES_AGGRESSIVE;
				CLANG_WARN_UNREACHABLE_CODE = YES;
				CLANG_WARN__DUPLICATE_METHOD_MATCH = YES;
				CODE_SIGN_IDENTITY = "iPhone Developer";
				COPY_PHASE_STRIP = NO;
				DEBUG_INFORMATION_FORMAT = "dwarf-with-dsym";
				ENABLE_NS_ASSERTIONS = NO;
				ENABLE_STRICT_OBJC_MSGSEND = YES;
				GCC_C_LANGUAGE_STANDARD = gnu11;
				GCC_NO_COMMON_BLOCKS = YES;
				GCC_WARN_64_TO_32_BIT_CONVERSION = YES;
				GCC_WARN_ABOUT_RETURN_TYPE = YES_ERROR;
				GCC_WARN_UNDECLARED_SELECTOR = YES;
				GCC_WARN_UNINITIALIZED_AUTOS = YES_AGGRESSIVE;
				GCC_WARN_UNUSED_FUNCTION = YES;
				GCC_WARN_UNUSED_VARIABLE = YES;
				IPHONEOS_DEPLOYMENT_TARGET = 11.0;
				MTL_ENABLE_DEBUG_INFO = NO;
				SDKROOT = iphoneos;
				SWIFT_OPTIMIZATION_LEVEL = "-Owholemodule";
				VALIDATE_PRODUCT = YES;
			};
			name = Release;
		};
		011AB81D1FAEE15400B7AFB3 /* Debug */ = {
			isa = XCBuildConfiguration;
			buildSettings = {
				ASSETCATALOG_COMPILER_APPICON_NAME = AppIcon;
				CODE_SIGN_STYLE = Automatic;
				INFOPLIST_FILE = "Project05-Transition/Info.plist";
				LD_RUNPATH_SEARCH_PATHS = "$(inherited) @executable_path/Frameworks";
				PRODUCT_BUNDLE_IDENTIFIER = "com.nick.Project05-Transition";
				PRODUCT_NAME = "$(TARGET_NAME)";
				SWIFT_VERSION = 4.0;
				TARGETED_DEVICE_FAMILY = "1,2";
			};
			name = Debug;
		};
		011AB81E1FAEE15400B7AFB3 /* Release */ = {
			isa = XCBuildConfiguration;
			buildSettings = {
				ASSETCATALOG_COMPILER_APPICON_NAME = AppIcon;
				CODE_SIGN_STYLE = Automatic;
				INFOPLIST_FILE = "Project05-Transition/Info.plist";
				LD_RUNPATH_SEARCH_PATHS = "$(inherited) @executable_path/Frameworks";
				PRODUCT_BUNDLE_IDENTIFIER = "com.nick.Project05-Transition";
				PRODUCT_NAME = "$(TARGET_NAME)";
				SWIFT_VERSION = 4.0;
				TARGETED_DEVICE_FAMILY = "1,2";
			};
			name = Release;
		};
/* End XCBuildConfiguration section */

/* Begin XCConfigurationList section */
		011AB8051FAEE15400B7AFB3 /* Build configuration list for PBXProject "Project05-Transition" */ = {
			isa = XCConfigurationList;
			buildConfigurations = (
				011AB81A1FAEE15400B7AFB3 /* Debug */,
				011AB81B1FAEE15400B7AFB3 /* Release */,
			);
			defaultConfigurationIsVisible = 0;
			defaultConfigurationName = Release;
		};
		011AB81C1FAEE15400B7AFB3 /* Build configuration list for PBXNativeTarget "Project05-Transition" */ = {
			isa = XCConfigurationList;
			buildConfigurations = (
				011AB81D1FAEE15400B7AFB3 /* Debug */,
				011AB81E1FAEE15400B7AFB3 /* Release */,
			);
			defaultConfigurationIsVisible = 0;
			defaultConfigurationName = Release;
		};
/* End XCConfigurationList section */
	};
	rootObject = 011AB8021FAEE15400B7AFB3 /* Project object */;
}
