// !$*UTF8*$!
{
	archiveVersion = 1;
	classes = {
	};
	objectVersion = 48;
	objects = {

/* Begin PBXBuildFile section */
		011AB7E41FAE9D7C00B7AFB3 /* AppDelegate.swift in Sources */ = {isa = PBXBuildFile; fileRef = 011AB7E31FAE9D7C00B7AFB3 /* AppDelegate.swift */; };
		011AB7E61FAE9D7C00B7AFB3 /* ViewController.swift in Sources */ = {isa = PBXBuildFile; fileRef = 011AB7E51FAE9D7C00B7AFB3 /* ViewController.swift */; };
		011AB7E91FAE9D7C00B7AFB3 /* Main.storyboard in Resources */ = {isa = PBXBuildFile; fileRef = 011AB7E71FAE9D7C00B7AFB3 /* Main.storyboard */; };
		011AB7EB1FAE9D7C00B7AFB3 /* Assets.xcassets in Resources */ = {isa = PBXBuildFile; fileRef = 011AB7EA1FAE9D7C00B7AFB3 /* Assets.xcassets */; };
		011AB7EE1FAE9D7C00B7AFB3 /* LaunchScreen.storyboard in Resources */ = {isa = PBXBuildFile; fileRef = 011AB7EC1FAE9D7C00B7AFB3 /* LaunchScreen.storyboard */; };
		011AB7F71FAE9D9100B7AFB3 /* NKCollectionViewCell.swift in Sources */ = {isa = PBXBuildFile; fileRef = 011AB7F51FAE9D9100B7AFB3 /* NKCollectionViewCell.swift */; };
		011AB7F81FAE9D9100B7AFB3 /* NKCollectionViewCell.xib in Resources */ = {isa = PBXBuildFile; fileRef = 011AB7F61FAE9D9100B7AFB3 /* NKCollectionViewCell.xib */; };
		011AB7FF1FAEAD8A00B7AFB3 /* NKCollectionViewHeader.swift in Sources */ = {isa = PBXBuildFile; fileRef = 011AB7FD1FAEAD8A00B7AFB3 /* NKCollectionViewHeader.swift */; };
		011AB8001FAEAD8A00B7AFB3 /* NKCollectionViewHeader.xib in Resources */ = {isa = PBXBuildFile; fileRef = 011AB7FE1FAEAD8A00B7AFB3 /* NKCollectionViewHeader.xib */; };
/* End PBXBuildFile section */

/* Begin PBXFileReference section */
		011AB7E01FAE9D7C00B7AFB3 /* Project04-Linkage.app */ = {isa = PBXFileReference; explicitFileType = wrapper.application; includeInIndex = 0; path = "Project04-Linkage.app"; sourceTree = BUILT_PRODUCTS_DIR; };
		011AB7E31FAE9D7C00B7AFB3 /* AppDelegate.swift */ = {isa = PBXFileReference; lastKnownFileType = sourcecode.swift; path = AppDelegate.swift; sourceTree = "<group>"; };
		011AB7E51FAE9D7C00B7AFB3 /* ViewController.swift */ = {isa = PBXFileReference; lastKnownFileType = sourcecode.swift; path = ViewController.swift; sourceTree = "<group>"; };
		011AB7E81FAE9D7C00B7AFB3 /* Base */ = {isa = PBXFileReference; lastKnownFileType = file.storyboard; name = Base; path = Base.lproj/Main.storyboard; sourceTree = "<group>"; };
		011AB7EA1FAE9D7C00B7AFB3 /* Assets.xcassets */ = {isa = PBXFileReference; lastKnownFileType = folder.assetcatalog; path = Assets.xcassets; sourceTree = "<group>"; };
		011AB7ED1FAE9D7C00B7AFB3 /* Base */ = {isa = PBXFileReference; lastKnownFileType = file.storyboard; name = Base; path = Base.lproj/LaunchScreen.storyboard; sourceTree = "<group>"; };
		011AB7EF1FAE9D7C00B7AFB3 /* Info.plist */ = {isa = PBXFileReference; lastKnownFileType = text.plist.xml; path = Info.plist; sourceTree = "<group>"; };
		011AB7F51FAE9D9100B7AFB3 /* NKCollectionViewCell.swift */ = {isa = PBXFileReference; lastKnownFileType = sourcecode.swift; path = NKCollectionViewCell.swift; sourceTree = "<group>"; };
		011AB7F61FAE9D9100B7AFB3 /* NKCollectionViewCell.xib */ = {isa = PBXFileReference; lastKnownFileType = file.xib; path = NKCollectionViewCell.xib; sourceTree = "<group>"; };
		011AB7FD1FAEAD8A00B7AFB3 /* NKCollectionViewHeader.swift */ = {isa = PBXFileReference; lastKnownFileType = sourcecode.swift; path = NKCollectionViewHeader.swift; sourceTree = "<group>"; };
		011AB7FE1FAEAD8A00B7AFB3 /* NKCollectionViewHeader.xib */ = {isa = PBXFileReference; lastKnownFileType = file.xib; path = NKCollectionViewHeader.xib; sourceTree = "<group>"; };
/* End PBXFileReference section */

/* Begin PBXFrameworksBuildPhase section */
		011AB7DD1FAE9D7C00B7AFB3 /* Frameworks */ = {
			isa = PBXFrameworksBuildPhase;
			buildActionMask = 2147483647;
			files = (
			);
			runOnlyForDeploymentPostprocessing = 0;
		};
/* End PBXFrameworksBuildPhase section */

/* Begin PBXGroup section */
		011AB7D71FAE9D7C00B7AFB3 = {
			isa = PBXGroup;
			children = (
				011AB7E21FAE9D7C00B7AFB3 /* Project04-Linkage */,
				011AB7E11FAE9D7C00B7AFB3 /* Products */,
			);
			sourceTree = "<group>";
		};
		011AB7E11FAE9D7C00B7AFB3 /* Products */ = {
			isa = PBXGroup;
			children = (
				011AB7E01FAE9D7C00B7AFB3 /* Project04-Linkage.app */,
			);
			name = Products;
			sourceTree = "<group>";
		};
		011AB7E21FAE9D7C00B7AFB3 /* Project04-Linkage */ = {
			isa = PBXGroup;
			children = (
				011AB7E31FAE9D7C00B7AFB3 /* AppDelegate.swift */,
				011AB7E51FAE9D7C00B7AFB3 /* ViewController.swift */,
				011AB7FD1FAEAD8A00B7AFB3 /* NKCollectionViewHeader.swift */,
				011AB7FE1FAEAD8A00B7AFB3 /* NKCollectionViewHeader.xib */,
				011AB7F51FAE9D9100B7AFB3 /* NKCollectionViewCell.swift */,
				011AB7F61FAE9D9100B7AFB3 /* NKCollectionViewCell.xib */,
				011AB7E71FAE9D7C00B7AFB3 /* Main.storyboard */,
				011AB7EA1FAE9D7C00B7AFB3 /* Assets.xcassets */,
				011AB7EC1FAE9D7C00B7AFB3 /* LaunchScreen.storyboard */,
				011AB7EF1FAE9D7C00B7AFB3 /* Info.plist */,
			);
			path = "Project04-Linkage";
			sourceTree = "<group>";
		};
/* End PBXGroup section */

/* Begin PBXNativeTarget section */
		011AB7DF1FAE9D7C00B7AFB3 /* Project04-Linkage */ = {
			isa = PBXNativeTarget;
			buildConfigurationList = 011AB7F21FAE9D7C00B7AFB3 /* Build configuration list for PBXNativeTarget "Project04-Linkage" */;
			buildPhases = (
				011AB7DC1FAE9D7C00B7AFB3 /* Sources */,
				011AB7DD1FAE9D7C00B7AFB3 /* Frameworks */,
				011AB7DE1FAE9D7C00B7AFB3 /* Resources */,
			);
			buildRules = (
			);
			dependencies = (
			);
			name = "Project04-Linkage";
			productName = "Project04-Linkage";
			productReference = 011AB7E01FAE9D7C00B7AFB3 /* Project04-Linkage.app */;
			productType = "com.apple.product-type.application";
		};
/* End PBXNativeTarget section */

/* Begin PBXProject section */
		011AB7D81FAE9D7C00B7AFB3 /* Project object */ = {
			isa = PBXProject;
			attributes = {
				LastSwiftUpdateCheck = 0900;
				LastUpgradeCheck = 0900;
				ORGANIZATIONNAME = "Nick Wang";
				TargetAttributes = {
					011AB7DF1FAE9D7C00B7AFB3 = {
						CreatedOnToolsVersion = 9.0;
						ProvisioningStyle = Automatic;
					};
				};
			};
			buildConfigurationList = 011AB7DB1FAE9D7C00B7AFB3 /* Build configuration list for PBXProject "Project04-Linkage" */;
			compatibilityVersion = "Xcode 8.0";
			developmentRegion = en;
			hasScannedForEncodings = 0;
			knownRegions = (
				en,
				Base,
			);
			mainGroup = 011AB7D71FAE9D7C00B7AFB3;
			productRefGroup = 011AB7E11FAE9D7C00B7AFB3 /* Products */;
			projectDirPath = "";
			projectRoot = "";
			targets = (
				011AB7DF1FAE9D7C00B7AFB3 /* Project04-Linkage */,
			);
		};
/* End PBXProject section */

/* Begin PBXResourcesBuildPhase section */
		011AB7DE1FAE9D7C00B7AFB3 /* Resources */ = {
			isa = PBXResourcesBuildPhase;
			buildActionMask = 2147483647;
			files = (
				011AB7EE1FAE9D7C00B7AFB3 /* LaunchScreen.storyboard in Resources */,
				011AB7F81FAE9D9100B7AFB3 /* NKCollectionViewCell.xib in Resources */,
				011AB7EB1FAE9D7C00B7AFB3 /* Assets.xcassets in Resources */,
				011AB8001FAEAD8A00B7AFB3 /* NKCollectionViewHeader.xib in Resources */,
				011AB7E91FAE9D7C00B7AFB3 /* Main.storyboard in Resources */,
			);
			runOnlyForDeploymentPostprocessing = 0;
		};
/* End PBXResourcesBuildPhase section */

/* Begin PBXSourcesBuildPhase section */
		011AB7DC1FAE9D7C00B7AFB3 /* Sources */ = {
			isa = PBXSourcesBuildPhase;
			buildActionMask = 2147483647;
			files = (
				011AB7FF1FAEAD8A00B7AFB3 /* NKCollectionViewHeader.swift in Sources */,
				011AB7E61FAE9D7C00B7AFB3 /* ViewController.swift in Sources */,
				011AB7E41FAE9D7C00B7AFB3 /* AppDelegate.swift in Sources */,
				011AB7F71FAE9D9100B7AFB3 /* NKCollectionViewCell.swift in Sources */,
			);
			runOnlyForDeploymentPostprocessing = 0;
		};
/* End PBXSourcesBuildPhase section */

/* Begin PBXVariantGroup section */
		011AB7E71FAE9D7C00B7AFB3 /* Main.storyboard */ = {
			isa = PBXVariantGroup;
			children = (
				011AB7E81FAE9D7C00B7AFB3 /* Base */,
			);
			name = Main.storyboard;
			sourceTree = "<group>";
		};
		011AB7EC1FAE9D7C00B7AFB3 /* LaunchScreen.storyboard */ = {
			isa = PBXVariantGroup;
			children = (
				011AB7ED1FAE9D7C00B7AFB3 /* Base */,
			);
			name = LaunchScreen.storyboard;
			sourceTree = "<group>";
		};
/* End PBXVariantGroup section */

/* Begin XCBuildConfiguration section */
		011AB7F01FAE9D7C00B7AFB3 /* Debug */ = {
			isa = XCBuildConfiguration;
			buildSettings = {
				ALWAYS_SEARCH_USER_PATHS = NO;
				CLANG_ANALYZER_NONNULL = YES;
				CLANG_ANALYZER_NUMBER_OBJECT_CONVERSION = YES_AGGRESSIVE;
				CLANG_CXX_LANGUAGE_STANDARD = "gnu++14";
				CLANG_CXX_LIBRARY = "libc++";
				CLANG_ENABLE_MODULES = YES;
				CLANG_ENABLE_OBJC_ARC = YES;
				CLANG_WARN_BLOCK_CAPTURE_AUTORELEASING = YES;
				CLANG_WARN_BOOL_CONVERSION = YES;
				CLANG_WARN_COMMA = YES;
				CLANG_WARN_CONSTANT_CONVERSION = YES;
				CLANG_WARN_DIRECT_OBJC_ISA_USAGE = YES_ERROR;
				CLANG_WARN_DOCUMENTATION_COMMENTS = YES;
				CLANG_WARN_EMPTY_BODY = YES;
				CLANG_WARN_ENUM_CONVERSION = YES;
				CLANG_WARN_INFINITE_RECURSION = YES;
				CLANG_WARN_INT_CONVERSION = YES;
				CLANG_WARN_NON_LITERAL_NULL_CONVERSION = YES;
				CLANG_WARN_OBJC_LITERAL_CONVERSION = YES;
				CLANG_WARN_OBJC_ROOT_CLASS = YES_ERROR;
				CLANG_WARN_RANGE_LOOP_ANALYSIS = YES;
				CLANG_WARN_STRICT_PROTOTYPES = YES;
				CLANG_WARN_SUSPICIOUS_MOVE = YES;
				CLANG_WARN_UNGUARDED_AVAILABILITY = YES_AGGRESSIVE;
				CLANG_WARN_UNREACHABLE_CODE = YES;
				CLANG_WARN__DUPLICATE_METHOD_MATCH = YES;
				CODE_SIGN_IDENTITY = "iPhone Developer";
				COPY_PHASE_STRIP = NO;
				DEBUG_INFORMATION_FORMAT = dwarf;
				ENABLE_STRICT_OBJC_MSGSEND = YES;
				ENABLE_TESTABILITY = YES;
				GCC_C_LANGUAGE_STANDARD = gnu11;
				GCC_DYNAMIC_NO_PIC = NO;
				GCC_NO_COMMON_BLOCKS = YES;
				GCC_OPTIMIZATION_LEVEL = 0;
				GCC_PREPROCESSOR_DEFINITIONS = (
					"DEBUG=1",
					"$(inherited)",
				);
				GCC_WARN_64_TO_32_BIT_CONVERSION = YES;
				GCC_WARN_ABOUT_RETURN_TYPE = YES_ERROR;
				GCC_WARN_UNDECLARED_SELECTOR = YES;
				GCC_WARN_UNINITIALIZED_AUTOS = YES_AGGRESSIVE;
				GCC_WARN_UNUSED_FUNCTION = YES;
				GCC_WARN_UNUSED_VARIABLE = YES;
				IPHONEOS_DEPLOYMENT_TARGET = 11.0;
				MTL_ENABLE_DEBUG_INFO = YES;
				ONLY_ACTIVE_ARCH = YES;
				SDKROOT = iphoneos;
				SWIFT_ACTIVE_COMPILATION_CONDITIONS = DEBUG;
				SWIFT_OPTIMIZATION_LEVEL = "-Onone";
			};
			name = Debug;
		};
		011AB7F11FAE9D7C00B7AFB3 /* Release */ = {
			isa = XCBuildConfiguration;
			buildSettings = {
				ALWAYS_SEARCH_USER_PATHS = NO;
				CLANG_ANALYZER_NONNULL = YES;
				CLANG_ANALYZER_NUMBER_OBJECT_CONVERSION = YES_AGGRESSIVE;
				CLANG_CXX_LANGUAGE_STANDARD = "gnu++14";
				CLANG_CXX_LIBRARY = "libc++";
				CLANG_ENABLE_MODULES = YES;
				CLANG_ENABLE_OBJC_ARC = YES;
				CLANG_WARN_BLOCK_CAPTURE_AUTORELEASING = YES;
				CLANG_WARN_BOOL_CONVERSION = YES;
				CLANG_WARN_COMMA = YES;
				CLANG_WARN_CONSTANT_CONVERSION = YES;
				CLANG_WARN_DIRECT_OBJC_ISA_USAGE = YES_ERROR;
				CLANG_WARN_DOCUMENTATION_COMMENTS = YES;
				CLANG_WARN_EMPTY_BODY = YES;
				CLANG_WARN_ENUM_CONVERSION = YES;
				CLANG_WARN_INFINITE_RECURSION = YES;
				CLANG_WARN_INT_CONVERSION = YES;
				CLANG_WARN_NON_LITERAL_NULL_CONVERSION = YES;
				CLANG_WARN_OBJC_LITERAL_CONVERSION = YES;
				CLANG_WARN_OBJC_ROOT_CLASS = YES_ERROR;
				CLANG_WARN_RANGE_LOOP_ANALYSIS = YES;
				CLANG_WARN_STRICT_PROTOTYPES = YES;
				CLANG_WARN_SUSPICIOUS_MOVE = YES;
				CLANG_WARN_UNGUARDED_AVAILABILITY = YES_AGGRESSIVE;
				CLANG_WARN_UNREACHABLE_CODE = YES;
				CLANG_WARN__DUPLICATE_METHOD_MATCH = YES;
				CODE_SIGN_IDENTITY = "iPhone Developer";
				COPY_PHASE_STRIP = NO;
				DEBUG_INFORMATION_FORMAT = "dwarf-with-dsym";
				ENABLE_NS_ASSERTIONS = NO;
				ENABLE_STRICT_OBJC_MSGSEND = YES;
				GCC_C_LANGUAGE_STANDARD = gnu11;
				GCC_NO_COMMON_BLOCKS = YES;
				GCC_WARN_64_TO_32_BIT_CONVERSION = YES;
				GCC_WARN_ABOUT_RETURN_TYPE = YES_ERROR;
				GCC_WARN_UNDECLARED_SELECTOR = YES;
				GCC_WARN_UNINITIALIZED_AUTOS = YES_AGGRESSIVE;
				GCC_WARN_UNUSED_FUNCTION = YES;
				GCC_WARN_UNUSED_VARIABLE = YES;
				IPHONEOS_DEPLOYMENT_TARGET = 11.0;
				MTL_ENABLE_DEBUG_INFO = NO;
				SDKROOT = iphoneos;
				SWIFT_OPTIMIZATION_LEVEL = "-Owholemodule";
				VALIDATE_PRODUCT = YES;
			};
			name = Release;
		};
		011AB7F31FAE9D7C00B7AFB3 /* Debug */ = {
			isa = XCBuildConfiguration;
			buildSettings = {
				ASSETCATALOG_COMPILER_APPICON_NAME = AppIcon;
				CODE_SIGN_STYLE = Automatic;
				INFOPLIST_FILE = "Project04-Linkage/Info.plist";
				LD_RUNPATH_SEARCH_PATHS = "$(inherited) @executable_path/Frameworks";
				PRODUCT_BUNDLE_IDENTIFIER = "com.nick.Project04-Linkage";
				PRODUCT_NAME = "$(TARGET_NAME)";
				SWIFT_VERSION = 4.0;
				TARGETED_DEVICE_FAMILY = "1,2";
			};
			name = Debug;
		};
		011AB7F41FAE9D7C00B7AFB3 /* Release */ = {
			isa = XCBuildConfiguration;
			buildSettings = {
				ASSETCATALOG_COMPILER_APPICON_NAME = AppIcon;
				CODE_SIGN_STYLE = Automatic;
				INFOPLIST_FILE = "Project04-Linkage/Info.plist";
				LD_RUNPATH_SEARCH_PATHS = "$(inherited) @executable_path/Frameworks";
				PRODUCT_BUNDLE_IDENTIFIER = "com.nick.Project04-Linkage";
				PRODUCT_NAME = "$(TARGET_NAME)";
				SWIFT_VERSION = 4.0;
				TARGETED_DEVICE_FAMILY = "1,2";
			};
			name = Release;
		};
/* End XCBuildConfiguration section */

/* Begin XCConfigurationList section */
		011AB7DB1FAE9D7C00B7AFB3 /* Build configuration list for PBXProject "Project04-Linkage" */ = {
			isa = XCConfigurationList;
			buildConfigurations = (
				011AB7F01FAE9D7C00B7AFB3 /* Debug */,
				011AB7F11FAE9D7C00B7AFB3 /* Release */,
			);
			defaultConfigurationIsVisible = 0;
			defaultConfigurationName = Release;
		};
		011AB7F21FAE9D7C00B7AFB3 /* Build configuration list for PBXNativeTarget "Project04-Linkage" */ = {
			isa = XCConfigurationList;
			buildConfigurations = (
				011AB7F31FAE9D7C00B7AFB3 /* Debug */,
				011AB7F41FAE9D7C00B7AFB3 /* Release */,
			);
			defaultConfigurationIsVisible = 0;
			defaultConfigurationName = Release;
		};
/* End XCConfigurationList section */
	};
	rootObject = 011AB7D81FAE9D7C00B7AFB3 /* Project object */;
}
